// !$*UTF8*$!
{
	archiveVersion = 1;
	classes = {
	};
	objectVersion = 48;
	objects = {

/* Begin PBXBuildFile section */
		8672013FF92F05C327E14750 /* Pods_TryNewFood.framework in Frameworks */ = {isa = PBXBuildFile; fileRef = 41A95E52BF93D66143807E72 /* Pods_TryNewFood.framework */; };
		BE1095051FFEDBA300AD35E7 /* FirebaseData.swift in Sources */ = {isa = PBXBuildFile; fileRef = BE1095041FFEDBA300AD35E7 /* FirebaseData.swift */; };
		BE10950D2000113900AD35E7 /* FeaturedCell.swift in Sources */ = {isa = PBXBuildFile; fileRef = BE10950C2000113900AD35E7 /* FeaturedCell.swift */; };
		BE109510200414EA00AD35E7 /* CategoriesCell.swift in Sources */ = {isa = PBXBuildFile; fileRef = BE10950F200414EA00AD35E7 /* CategoriesCell.swift */; };
		BE1095122009190700AD35E7 /* Update.swift in Sources */ = {isa = PBXBuildFile; fileRef = BE1095112009190700AD35E7 /* Update.swift */; };
		BE109517200C227F00AD35E7 /* ItemCategory.swift in Sources */ = {isa = PBXBuildFile; fileRef = BE109516200C227F00AD35E7 /* ItemCategory.swift */; };
		BE5F688520112B76006F28EF /* FeaturedItemCell.swift in Sources */ = {isa = PBXBuildFile; fileRef = BE5F688420112B76006F28EF /* FeaturedItemCell.swift */; };
		BE5F688720113242006F28EF /* FeaturedDetailController.swift in Sources */ = {isa = PBXBuildFile; fileRef = BE5F688620113242006F28EF /* FeaturedDetailController.swift */; };
		BE5F688920114EA2006F28EF /* FeaturedHeaderCell.swift in Sources */ = {isa = PBXBuildFile; fileRef = BE5F688820114EA2006F28EF /* FeaturedHeaderCell.swift */; };
		BEA25B5F1FFC151300FFD021 /* AppDelegate.swift in Sources */ = {isa = PBXBuildFile; fileRef = BEA25B5E1FFC151300FFD021 /* AppDelegate.swift */; };
		BEA25B611FFC151300FFD021 /* DiscoverController.swift in Sources */ = {isa = PBXBuildFile; fileRef = BEA25B601FFC151300FFD021 /* DiscoverController.swift */; };
		BEA25B661FFC151300FFD021 /* Assets.xcassets in Resources */ = {isa = PBXBuildFile; fileRef = BEA25B651FFC151300FFD021 /* Assets.xcassets */; };
		BEA25B691FFC151300FFD021 /* LaunchScreen.storyboard in Resources */ = {isa = PBXBuildFile; fileRef = BEA25B671FFC151300FFD021 /* LaunchScreen.storyboard */; };
		BEA25B711FFC201B00FFD021 /* TabBarController.swift in Sources */ = {isa = PBXBuildFile; fileRef = BEA25B701FFC201B00FFD021 /* TabBarController.swift */; };
		BEA25B741FFC383B00FFD021 /* ItemCell.swift in Sources */ = {isa = PBXBuildFile; fileRef = BEA25B731FFC383B00FFD021 /* ItemCell.swift */; };
		BEA25B761FFC388F00FFD021 /* UIView+layout.swift in Sources */ = {isa = PBXBuildFile; fileRef = BEA25B751FFC388F00FFD021 /* UIView+layout.swift */; };
		BEA25B781FFC389600FFD021 /* UIColor+themes.swift in Sources */ = {isa = PBXBuildFile; fileRef = BEA25B771FFC389600FFD021 /* UIColor+themes.swift */; };
		BEAA0A9A1FFECF22004D045F /* Item.swift in Sources */ = {isa = PBXBuildFile; fileRef = BEAA0A991FFECF22004D045F /* Item.swift */; };
		BEE1C42B1FFD601000DBE41B /* ItemDetailController.swift in Sources */ = {isa = PBXBuildFile; fileRef = BEE1C42A1FFD601000DBE41B /* ItemDetailController.swift */; };
		BEE1C42D1FFEBDD100DBE41B /* GoogleService-Info.plist in Resources */ = {isa = PBXBuildFile; fileRef = BEE1C42C1FFEBDD100DBE41B /* GoogleService-Info.plist */; };
/* End PBXBuildFile section */

/* Begin PBXFileReference section */
		41A95E52BF93D66143807E72 /* Pods_TryNewFood.framework */ = {isa = PBXFileReference; explicitFileType = wrapper.framework; includeInIndex = 0; path = Pods_TryNewFood.framework; sourceTree = BUILT_PRODUCTS_DIR; };
		BE1095041FFEDBA300AD35E7 /* FirebaseData.swift */ = {isa = PBXFileReference; lastKnownFileType = sourcecode.swift; path = FirebaseData.swift; sourceTree = "<group>"; };
		BE10950C2000113900AD35E7 /* FeaturedCell.swift */ = {isa = PBXFileReference; lastKnownFileType = sourcecode.swift; path = FeaturedCell.swift; sourceTree = "<group>"; };
		BE10950F200414EA00AD35E7 /* CategoriesCell.swift */ = {isa = PBXFileReference; lastKnownFileType = sourcecode.swift; path = CategoriesCell.swift; sourceTree = "<group>"; };
		BE1095112009190700AD35E7 /* Update.swift */ = {isa = PBXFileReference; lastKnownFileType = sourcecode.swift; path = Update.swift; sourceTree = "<group>"; };
		BE109516200C227F00AD35E7 /* ItemCategory.swift */ = {isa = PBXFileReference; lastKnownFileType = sourcecode.swift; path = ItemCategory.swift; sourceTree = "<group>"; };
		BE5F688420112B76006F28EF /* FeaturedItemCell.swift */ = {isa = PBXFileReference; lastKnownFileType = sourcecode.swift; path = FeaturedItemCell.swift; sourceTree = "<group>"; };
		BE5F688620113242006F28EF /* FeaturedDetailController.swift */ = {isa = PBXFileReference; lastKnownFileType = sourcecode.swift; path = FeaturedDetailController.swift; sourceTree = "<group>"; };
		BE5F688820114EA2006F28EF /* FeaturedHeaderCell.swift */ = {isa = PBXFileReference; lastKnownFileType = sourcecode.swift; path = FeaturedHeaderCell.swift; sourceTree = "<group>"; };
		BEA25B5B1FFC151300FFD021 /* TryNewFood.app */ = {isa = PBXFileReference; explicitFileType = wrapper.application; includeInIndex = 0; path = TryNewFood.app; sourceTree = BUILT_PRODUCTS_DIR; };
		BEA25B5E1FFC151300FFD021 /* AppDelegate.swift */ = {isa = PBXFileReference; lastKnownFileType = sourcecode.swift; path = AppDelegate.swift; sourceTree = "<group>"; };
		BEA25B601FFC151300FFD021 /* DiscoverController.swift */ = {isa = PBXFileReference; lastKnownFileType = sourcecode.swift; path = DiscoverController.swift; sourceTree = "<group>"; };
		BEA25B651FFC151300FFD021 /* Assets.xcassets */ = {isa = PBXFileReference; lastKnownFileType = folder.assetcatalog; path = Assets.xcassets; sourceTree = "<group>"; };
		BEA25B681FFC151300FFD021 /* Base */ = {isa = PBXFileReference; lastKnownFileType = file.storyboard; name = Base; path = Base.lproj/LaunchScreen.storyboard; sourceTree = "<group>"; };
		BEA25B6A1FFC151300FFD021 /* Info.plist */ = {isa = PBXFileReference; lastKnownFileType = text.plist.xml; path = Info.plist; sourceTree = "<group>"; };
		BEA25B701FFC201B00FFD021 /* TabBarController.swift */ = {isa = PBXFileReference; fileEncoding = 4; lastKnownFileType = sourcecode.swift; path = TabBarController.swift; sourceTree = "<group>"; };
		BEA25B731FFC383B00FFD021 /* ItemCell.swift */ = {isa = PBXFileReference; lastKnownFileType = sourcecode.swift; path = ItemCell.swift; sourceTree = "<group>"; };
		BEA25B751FFC388F00FFD021 /* UIView+layout.swift */ = {isa = PBXFileReference; fileEncoding = 4; lastKnownFileType = sourcecode.swift; path = "UIView+layout.swift"; sourceTree = "<group>"; };
		BEA25B771FFC389600FFD021 /* UIColor+themes.swift */ = {isa = PBXFileReference; fileEncoding = 4; lastKnownFileType = sourcecode.swift; path = "UIColor+themes.swift"; sourceTree = "<group>"; };
		BEAA0A991FFECF22004D045F /* Item.swift */ = {isa = PBXFileReference; lastKnownFileType = sourcecode.swift; path = Item.swift; sourceTree = "<group>"; };
		BEE1C42A1FFD601000DBE41B /* ItemDetailController.swift */ = {isa = PBXFileReference; lastKnownFileType = sourcecode.swift; path = ItemDetailController.swift; sourceTree = "<group>"; };
		BEE1C42C1FFEBDD100DBE41B /* GoogleService-Info.plist */ = {isa = PBXFileReference; fileEncoding = 4; lastKnownFileType = text.plist.xml; path = "GoogleService-Info.plist"; sourceTree = "<group>"; };
		C75243C3357379C0053DBECB /* Pods-TryNewFood.release.xcconfig */ = {isa = PBXFileReference; includeInIndex = 1; lastKnownFileType = text.xcconfig; name = "Pods-TryNewFood.release.xcconfig"; path = "Pods/Target Support Files/Pods-TryNewFood/Pods-TryNewFood.release.xcconfig"; sourceTree = "<group>"; };
		CCBB1DECD9226ADE8590A05F /* Pods-TryNewFood.debug.xcconfig */ = {isa = PBXFileReference; includeInIndex = 1; lastKnownFileType = text.xcconfig; name = "Pods-TryNewFood.debug.xcconfig"; path = "Pods/Target Support Files/Pods-TryNewFood/Pods-TryNewFood.debug.xcconfig"; sourceTree = "<group>"; };
/* End PBXFileReference section */

/* Begin PBXFrameworksBuildPhase section */
		BEA25B581FFC151300FFD021 /* Frameworks */ = {
			isa = PBXFrameworksBuildPhase;
			buildActionMask = 2147483647;
			files = (
				8672013FF92F05C327E14750 /* Pods_TryNewFood.framework in Frameworks */,
			);
			runOnlyForDeploymentPostprocessing = 0;
		};
/* End PBXFrameworksBuildPhase section */

/* Begin PBXGroup section */
		AF62E9C108FDDD30E8DDCB70 /* Frameworks */ = {
			isa = PBXGroup;
			children = (
				41A95E52BF93D66143807E72 /* Pods_TryNewFood.framework */,
			);
			name = Frameworks;
			sourceTree = "<group>";
		};
		BE1095062000066C00AD35E7 /* Controllers */ = {
			isa = PBXGroup;
			children = (
				BEA25B601FFC151300FFD021 /* DiscoverController.swift */,
				BEE1C42A1FFD601000DBE41B /* ItemDetailController.swift */,
				BEA25B701FFC201B00FFD021 /* TabBarController.swift */,
				BE5F688620113242006F28EF /* FeaturedDetailController.swift */,
			);
			path = Controllers;
			sourceTree = "<group>";
		};
		BE1095072000068700AD35E7 /* Extensions */ = {
			isa = PBXGroup;
			children = (
				BEA25B751FFC388F00FFD021 /* UIView+layout.swift */,
				BEA25B771FFC389600FFD021 /* UIColor+themes.swift */,
			);
			path = Extensions;
			sourceTree = "<group>";
		};
		BE1095082000069700AD35E7 /* Model */ = {
			isa = PBXGroup;
			children = (
				BEAA0A991FFECF22004D045F /* Item.swift */,
				BE1095112009190700AD35E7 /* Update.swift */,
				BE109516200C227F00AD35E7 /* ItemCategory.swift */,
			);
			path = Model;
			sourceTree = "<group>";
		};
		BE109509200006A800AD35E7 /* Views */ = {
			isa = PBXGroup;
			children = (
				BE10950F200414EA00AD35E7 /* CategoriesCell.swift */,
				BEA25B731FFC383B00FFD021 /* ItemCell.swift */,
				BE10950C2000113900AD35E7 /* FeaturedCell.swift */,
				BE5F688420112B76006F28EF /* FeaturedItemCell.swift */,
				BE5F688820114EA2006F28EF /* FeaturedHeaderCell.swift */,
			);
			path = Views;
			sourceTree = "<group>";
		};
		BE10950A200006B400AD35E7 /* Network */ = {
			isa = PBXGroup;
			children = (
				BE1095041FFEDBA300AD35E7 /* FirebaseData.swift */,
			);
			path = Network;
			sourceTree = "<group>";
		};
		BE10950B200006C000AD35E7 /* Resources */ = {
			isa = PBXGroup;
			children = (
				BEA25B5E1FFC151300FFD021 /* AppDelegate.swift */,
				BEA25B651FFC151300FFD021 /* Assets.xcassets */,
				BEA25B671FFC151300FFD021 /* LaunchScreen.storyboard */,
			);
			path = Resources;
			sourceTree = "<group>";
		};
		BEA25B521FFC151300FFD021 = {
			isa = PBXGroup;
			children = (
				BEA25B5D1FFC151300FFD021 /* TryNewFood */,
				BEA25B5C1FFC151300FFD021 /* Products */,
				D0149852D2BB86C724022F9F /* Pods */,
				AF62E9C108FDDD30E8DDCB70 /* Frameworks */,
			);
			sourceTree = "<group>";
		};
		BEA25B5C1FFC151300FFD021 /* Products */ = {
			isa = PBXGroup;
			children = (
				BEA25B5B1FFC151300FFD021 /* TryNewFood.app */,
			);
			name = Products;
			sourceTree = "<group>";
		};
		BEA25B5D1FFC151300FFD021 /* TryNewFood */ = {
			isa = PBXGroup;
			children = (
				BEA25B6A1FFC151300FFD021 /* Info.plist */,
				BEE1C42C1FFEBDD100DBE41B /* GoogleService-Info.plist */,
				BE10950B200006C000AD35E7 /* Resources */,
				BE10950A200006B400AD35E7 /* Network */,
				BE109509200006A800AD35E7 /* Views */,
				BE1095082000069700AD35E7 /* Model */,
				BE1095072000068700AD35E7 /* Extensions */,
				BE1095062000066C00AD35E7 /* Controllers */,
			);
			path = TryNewFood;
			sourceTree = "<group>";
		};
		D0149852D2BB86C724022F9F /* Pods */ = {
			isa = PBXGroup;
			children = (
				CCBB1DECD9226ADE8590A05F /* Pods-TryNewFood.debug.xcconfig */,
				C75243C3357379C0053DBECB /* Pods-TryNewFood.release.xcconfig */,
			);
			name = Pods;
			sourceTree = "<group>";
		};
/* End PBXGroup section */

/* Begin PBXNativeTarget section */
		BEA25B5A1FFC151300FFD021 /* TryNewFood */ = {
			isa = PBXNativeTarget;
			buildConfigurationList = BEA25B6D1FFC151300FFD021 /* Build configuration list for PBXNativeTarget "TryNewFood" */;
			buildPhases = (
				AA306FEB98021D5B864D10A4 /* [CP] Check Pods Manifest.lock */,
				BEA25B571FFC151300FFD021 /* Sources */,
				BEA25B581FFC151300FFD021 /* Frameworks */,
				BEA25B591FFC151300FFD021 /* Resources */,
				102FCDF49B097B9F32C02F44 /* [CP] Embed Pods Frameworks */,
				48CEA10B90B46481E094CCF2 /* [CP] Copy Pods Resources */,
			);
			buildRules = (
			);
			dependencies = (
			);
			name = TryNewFood;
			productName = TryNewFood;
			productReference = BEA25B5B1FFC151300FFD021 /* TryNewFood.app */;
			productType = "com.apple.product-type.application";
		};
/* End PBXNativeTarget section */

/* Begin PBXProject section */
		BEA25B531FFC151300FFD021 /* Project object */ = {
			isa = PBXProject;
			attributes = {
				LastSwiftUpdateCheck = 0920;
				LastUpgradeCheck = 0920;
				ORGANIZATIONNAME = ByEldon;
				TargetAttributes = {
					BEA25B5A1FFC151300FFD021 = {
						CreatedOnToolsVersion = 9.2;
						ProvisioningStyle = Automatic;
					};
				};
			};
			buildConfigurationList = BEA25B561FFC151300FFD021 /* Build configuration list for PBXProject "TryNewFood" */;
			compatibilityVersion = "Xcode 8.0";
			developmentRegion = en;
			hasScannedForEncodings = 0;
			knownRegions = (
				en,
				Base,
			);
			mainGroup = BEA25B521FFC151300FFD021;
			productRefGroup = BEA25B5C1FFC151300FFD021 /* Products */;
			projectDirPath = "";
			projectRoot = "";
			targets = (
				BEA25B5A1FFC151300FFD021 /* TryNewFood */,
			);
		};
/* End PBXProject section */

/* Begin PBXResourcesBuildPhase section */
		BEA25B591FFC151300FFD021 /* Resources */ = {
			isa = PBXResourcesBuildPhase;
			buildActionMask = 2147483647;
			files = (
				BEA25B691FFC151300FFD021 /* LaunchScreen.storyboard in Resources */,
				BEA25B661FFC151300FFD021 /* Assets.xcassets in Resources */,
				BEE1C42D1FFEBDD100DBE41B /* GoogleService-Info.plist in Resources */,
			);
			runOnlyForDeploymentPostprocessing = 0;
		};
/* End PBXResourcesBuildPhase section */

/* Begin PBXShellScriptBuildPhase section */
		102FCDF49B097B9F32C02F44 /* [CP] Embed Pods Frameworks */ = {
			isa = PBXShellScriptBuildPhase;
			buildActionMask = 2147483647;
			files = (
			);
			inputPaths = (
			);
			name = "[CP] Embed Pods Frameworks";
			outputPaths = (
			);
			runOnlyForDeploymentPostprocessing = 0;
			shellPath = /bin/sh;
			shellScript = "\"${SRCROOT}/Pods/Target Support Files/Pods-TryNewFood/Pods-TryNewFood-frameworks.sh\"\n";
			showEnvVarsInLog = 0;
		};
		48CEA10B90B46481E094CCF2 /* [CP] Copy Pods Resources */ = {
			isa = PBXShellScriptBuildPhase;
			buildActionMask = 2147483647;
			files = (
			);
			inputPaths = (
			);
			name = "[CP] Copy Pods Resources";
			outputPaths = (
			);
			runOnlyForDeploymentPostprocessing = 0;
			shellPath = /bin/sh;
			shellScript = "\"${SRCROOT}/Pods/Target Support Files/Pods-TryNewFood/Pods-TryNewFood-resources.sh\"\n";
			showEnvVarsInLog = 0;
		};
		AA306FEB98021D5B864D10A4 /* [CP] Check Pods Manifest.lock */ = {
			isa = PBXShellScriptBuildPhase;
			buildActionMask = 2147483647;
			files = (
			);
			inputPaths = (
			);
			name = "[CP] Check Pods Manifest.lock";
			outputPaths = (
			);
			runOnlyForDeploymentPostprocessing = 0;
			shellPath = /bin/sh;
			shellScript = "diff \"${PODS_ROOT}/../Podfile.lock\" \"${PODS_ROOT}/Manifest.lock\" > /dev/null\nif [ $? != 0 ] ; then\n    # print error to STDERR\n    echo \"error: The sandbox is not in sync with the Podfile.lock. Run 'pod install' or update your CocoaPods installation.\" >&2\n    exit 1\nfi\n";
			showEnvVarsInLog = 0;
		};
/* End PBXShellScriptBuildPhase section */

/* Begin PBXSourcesBuildPhase section */
		BEA25B571FFC151300FFD021 /* Sources */ = {
			isa = PBXSourcesBuildPhase;
			buildActionMask = 2147483647;
			files = (
				BE1095051FFEDBA300AD35E7 /* FirebaseData.swift in Sources */,
				BEA25B611FFC151300FFD021 /* DiscoverController.swift in Sources */,
				BEA25B761FFC388F00FFD021 /* UIView+layout.swift in Sources */,
				BE109510200414EA00AD35E7 /* CategoriesCell.swift in Sources */,
				BE109517200C227F00AD35E7 /* ItemCategory.swift in Sources */,
				BEA25B5F1FFC151300FFD021 /* AppDelegate.swift in Sources */,
				BE5F688720113242006F28EF /* FeaturedDetailController.swift in Sources */,
				BEA25B741FFC383B00FFD021 /* ItemCell.swift in Sources */,
				BE1095122009190700AD35E7 /* Update.swift in Sources */,
				BEAA0A9A1FFECF22004D045F /* Item.swift in Sources */,
				BE10950D2000113900AD35E7 /* FeaturedCell.swift in Sources */,
				BE5F688520112B76006F28EF /* FeaturedItemCell.swift in Sources */,
				BE5F688920114EA2006F28EF /* FeaturedHeaderCell.swift in Sources */,
				BEA25B711FFC201B00FFD021 /* TabBarController.swift in Sources */,
				BEE1C42B1FFD601000DBE41B /* ItemDetailController.swift in Sources */,
				BEA25B781FFC389600FFD021 /* UIColor+themes.swift in Sources */,
			);
			runOnlyForDeploymentPostprocessing = 0;
		};
/* End PBXSourcesBuildPhase section */

/* Begin PBXVariantGroup section */
		BEA25B671FFC151300FFD021 /* LaunchScreen.storyboard */ = {
			isa = PBXVariantGroup;
			children = (
				BEA25B681FFC151300FFD021 /* Base */,
			);
			name = LaunchScreen.storyboard;
			sourceTree = "<group>";
		};
/* End PBXVariantGroup section */

/* Begin XCBuildConfiguration section */
		BEA25B6B1FFC151300FFD021 /* Debug */ = {
			isa = XCBuildConfiguration;
			buildSettings = {
				ALWAYS_SEARCH_USER_PATHS = NO;
				CLANG_ANALYZER_NONNULL = YES;
				CLANG_ANALYZER_NUMBER_OBJECT_CONVERSION = YES_AGGRESSIVE;
				CLANG_CXX_LANGUAGE_STANDARD = "gnu++14";
				CLANG_CXX_LIBRARY = "libc++";
				CLANG_ENABLE_MODULES = YES;
				CLANG_ENABLE_OBJC_ARC = YES;
				CLANG_WARN_BLOCK_CAPTURE_AUTORELEASING = YES;
				CLANG_WARN_BOOL_CONVERSION = YES;
				CLANG_WARN_COMMA = YES;
				CLANG_WARN_CONSTANT_CONVERSION = YES;
				CLANG_WARN_DIRECT_OBJC_ISA_USAGE = YES_ERROR;
				CLANG_WARN_DOCUMENTATION_COMMENTS = YES;
				CLANG_WARN_EMPTY_BODY = YES;
				CLANG_WARN_ENUM_CONVERSION = YES;
				CLANG_WARN_INFINITE_RECURSION = YES;
				CLANG_WARN_INT_CONVERSION = YES;
				CLANG_WARN_NON_LITERAL_NULL_CONVERSION = YES;
				CLANG_WARN_OBJC_LITERAL_CONVERSION = YES;
				CLANG_WARN_OBJC_ROOT_CLASS = YES_ERROR;
				CLANG_WARN_RANGE_LOOP_ANALYSIS = YES;
				CLANG_WARN_STRICT_PROTOTYPES = YES;
				CLANG_WARN_SUSPICIOUS_MOVE = YES;
				CLANG_WARN_UNGUARDED_AVAILABILITY = YES_AGGRESSIVE;
				CLANG_WARN_UNREACHABLE_CODE = YES;
				CLANG_WARN__DUPLICATE_METHOD_MATCH = YES;
				CODE_SIGN_IDENTITY = "iPhone Developer";
				COPY_PHASE_STRIP = NO;
				DEBUG_INFORMATION_FORMAT = dwarf;
				ENABLE_STRICT_OBJC_MSGSEND = YES;
				ENABLE_TESTABILITY = YES;
				GCC_C_LANGUAGE_STANDARD = gnu11;
				GCC_DYNAMIC_NO_PIC = NO;
				GCC_NO_COMMON_BLOCKS = YES;
				GCC_OPTIMIZATION_LEVEL = 0;
				GCC_PREPROCESSOR_DEFINITIONS = (
					"DEBUG=1",
					"$(inherited)",
				);
				GCC_WARN_64_TO_32_BIT_CONVERSION = YES;
				GCC_WARN_ABOUT_RETURN_TYPE = YES_ERROR;
				GCC_WARN_UNDECLARED_SELECTOR = YES;
				GCC_WARN_UNINITIALIZED_AUTOS = YES_AGGRESSIVE;
				GCC_WARN_UNUSED_FUNCTION = YES;
				GCC_WARN_UNUSED_VARIABLE = YES;
				IPHONEOS_DEPLOYMENT_TARGET = 11.2;
				MTL_ENABLE_DEBUG_INFO = YES;
				ONLY_ACTIVE_ARCH = YES;
				SDKROOT = iphoneos;
				SWIFT_ACTIVE_COMPILATION_CONDITIONS = DEBUG;
				SWIFT_OPTIMIZATION_LEVEL = "-Onone";
			};
			name = Debug;
		};
		BEA25B6C1FFC151300FFD021 /* Release */ = {
			isa = XCBuildConfiguration;
			buildSettings = {
				ALWAYS_SEARCH_USER_PATHS = NO;
				CLANG_ANALYZER_NONNULL = YES;
				CLANG_ANALYZER_NUMBER_OBJECT_CONVERSION = YES_AGGRESSIVE;
				CLANG_CXX_LANGUAGE_STANDARD = "gnu++14";
				CLANG_CXX_LIBRARY = "libc++";
				CLANG_ENABLE_MODULES = YES;
				CLANG_ENABLE_OBJC_ARC = YES;
				CLANG_WARN_BLOCK_CAPTURE_AUTORELEASING = YES;
				CLANG_WARN_BOOL_CONVERSION = YES;
				CLANG_WARN_COMMA = YES;
				CLANG_WARN_CONSTANT_CONVERSION = YES;
				CLANG_WARN_DIRECT_OBJC_ISA_USAGE = YES_ERROR;
				CLANG_WARN_DOCUMENTATION_COMMENTS = YES;
				CLANG_WARN_EMPTY_BODY = YES;
				CLANG_WARN_ENUM_CONVERSION = YES;
				CLANG_WARN_INFINITE_RECURSION = YES;
				CLANG_WARN_INT_CONVERSION = YES;
				CLANG_WARN_NON_LITERAL_NULL_CONVERSION = YES;
				CLANG_WARN_OBJC_LITERAL_CONVERSION = YES;
				CLANG_WARN_OBJC_ROOT_CLASS = YES_ERROR;
				CLANG_WARN_RANGE_LOOP_ANALYSIS = YES;
				CLANG_WARN_STRICT_PROTOTYPES = YES;
				CLANG_WARN_SUSPICIOUS_MOVE = YES;
				CLANG_WARN_UNGUARDED_AVAILABILITY = YES_AGGRESSIVE;
				CLANG_WARN_UNREACHABLE_CODE = YES;
				CLANG_WARN__DUPLICATE_METHOD_MATCH = YES;
				CODE_SIGN_IDENTITY = "iPhone Developer";
				COPY_PHASE_STRIP = NO;
				DEBUG_INFORMATION_FORMAT = "dwarf-with-dsym";
				ENABLE_NS_ASSERTIONS = NO;
				ENABLE_STRICT_OBJC_MSGSEND = YES;
				GCC_C_LANGUAGE_STANDARD = gnu11;
				GCC_NO_COMMON_BLOCKS = YES;
				GCC_WARN_64_TO_32_BIT_CONVERSION = YES;
				GCC_WARN_ABOUT_RETURN_TYPE = YES_ERROR;
				GCC_WARN_UNDECLARED_SELECTOR = YES;
				GCC_WARN_UNINITIALIZED_AUTOS = YES_AGGRESSIVE;
				GCC_WARN_UNUSED_FUNCTION = YES;
				GCC_WARN_UNUSED_VARIABLE = YES;
				IPHONEOS_DEPLOYMENT_TARGET = 11.2;
				MTL_ENABLE_DEBUG_INFO = NO;
				SDKROOT = iphoneos;
				SWIFT_OPTIMIZATION_LEVEL = "-Owholemodule";
				VALIDATE_PRODUCT = YES;
			};
			name = Release;
		};
		BEA25B6E1FFC151300FFD021 /* Debug */ = {
			isa = XCBuildConfiguration;
			baseConfigurationReference = CCBB1DECD9226ADE8590A05F /* Pods-TryNewFood.debug.xcconfig */;
			buildSettings = {
				ASSETCATALOG_COMPILER_APPICON_NAME = AppIcon;
				CODE_SIGN_STYLE = Automatic;
				DEVELOPMENT_TEAM = RP6364VX67;
				INFOPLIST_FILE = TryNewFood/Info.plist;
				LD_RUNPATH_SEARCH_PATHS = "$(inherited) @executable_path/Frameworks";
				PRODUCT_BUNDLE_IDENTIFIER = ByEldon.TryNewFood;
				PRODUCT_NAME = "$(TARGET_NAME)";
				SWIFT_VERSION = 4.0;
				TARGETED_DEVICE_FAMILY = "1,2";
			};
			name = Debug;
		};
		BEA25B6F1FFC151300FFD021 /* Release */ = {
			isa = XCBuildConfiguration;
			baseConfigurationReference = C75243C3357379C0053DBECB /* Pods-TryNewFood.release.xcconfig */;
			buildSettings = {
				ASSETCATALOG_COMPILER_APPICON_NAME = AppIcon;
				CODE_SIGN_STYLE = Automatic;
				DEVELOPMENT_TEAM = RP6364VX67;
				INFOPLIST_FILE = TryNewFood/Info.plist;
				LD_RUNPATH_SEARCH_PATHS = "$(inherited) @executable_path/Frameworks";
				PRODUCT_BUNDLE_IDENTIFIER = ByEldon.TryNewFood;
				PRODUCT_NAME = "$(TARGET_NAME)";
				SWIFT_VERSION = 4.0;
				TARGETED_DEVICE_FAMILY = "1,2";
			};
			name = Release;
		};
/* End XCBuildConfiguration section */

/* Begin XCConfigurationList section */
		BEA25B561FFC151300FFD021 /* Build configuration list for PBXProject "TryNewFood" */ = {
			isa = XCConfigurationList;
			buildConfigurations = (
				BEA25B6B1FFC151300FFD021 /* Debug */,
				BEA25B6C1FFC151300FFD021 /* Release */,
			);
			defaultConfigurationIsVisible = 0;
			defaultConfigurationName = Release;
		};
		BEA25B6D1FFC151300FFD021 /* Build configuration list for PBXNativeTarget "TryNewFood" */ = {
			isa = XCConfigurationList;
			buildConfigurations = (
				BEA25B6E1FFC151300FFD021 /* Debug */,
				BEA25B6F1FFC151300FFD021 /* Release */,
			);
			defaultConfigurationIsVisible = 0;
			defaultConfigurationName = Release;
		};
/* End XCConfigurationList section */
	};
	rootObject = BEA25B531FFC151300FFD021 /* Project object */;
}
